{
  "name": "@ems/shared",
  "version": "0.1.0",
  "lockfileVersion": 3,
  "requires": true,
  "packages": {
    "": {
      "name": "@ems/shared",
      "version": "0.1.0",
      "dependencies": {
        "employee-project-mgmt": "file:.."
      },
      "devDependencies": {
        "typescript": "^5.7.2"
      }
    },
    "..": {
      "name": "employee-project-mgmt",
      "version": "0.1.0",
      "devDependencies": {
        "@eslint/js": "^9.17.0",
        "concurrently": "^9.1.0",
        "eslint": "^9.17.0",
        "eslint-config-prettier": "^9.1.0",
        "eslint-plugin-react-hooks": "^7.1.1",
        "prettier": "^3.4.2",
        "typescript": "^5.7.2",
        "typescript-eslint": "^8.18.0"
      },
      "engines": {
        "node": ">=20"
      }
    },
    "node_modules/employee-project-mgmt": {
      "resolved": "..",
      "link": true
    },
    "node_modules/typescript": {
      "version": "5.9.3",
      "resolved": "https://registry.npmjs.org/typescript/-/typescript-5.9.3.tgz",
      "integrity": "sha512-jl1vZzPDinLr9eUt3J/t7V6FgNEw9QjvBPdysz9KfQDD41fQrC2Y4vKQdiaUpFT4bXlb1RHhLpp8wtm6M5TgSw==",
      "dev": true,
      "license": "Apache-2.0",
      "bin": {
        "tsc": "bin/tsc",
        "tsserver": "bin/tsserver"
      },
      "engines": {
        "node": ">=14.17"
      }
    }
  }
}
